Microsoft Visual Studio Solution File, Format Version 12.00
# Visual Studio Version 17
VisualStudioVersion = 17.5.2.0
MinimumVisualStudioVersion = 10.0.40219.1
Project("{FAE04EC0-301F-11D3-BF4B-00C04F79EFBC}") = "ProductManagement.Api", "ProductManagement.Api\ProductManagement.Api.csproj", "{33B9955F-FF96-C40D-5D1A-8661BEDDFA5F}"
EndProject
Project("{2150E333-8FDC-42A3-9474-1A3956D46DE8}") = "solutions", "solutions", "{5A177B4B-6BD0-B7EC-F049-C9C04D6D229D}"
	ProjectSection(SolutionItems) = preProject
		docker-compose.yml = docker-compose.yml
		otel-collector-config.yaml = otel-collector-config.yaml
		.env = .env
	EndProjectSection
EndProject
Project("{FAE04EC0-301F-11D3-BF4B-00C04F79EFBC}") = "OrderManagement.Api", "OrderManagement.Api\OrderManagement.Api.csproj", "{CF1B5737-A495-4A87-9150-F4F8A6F4C18D}"
EndProject
Global
	GlobalSection(SolutionConfigurationPlatforms) = preSolution
		Debug|Any CPU = Debug|Any CPU
		Release|Any CPU = Release|Any CPU
	EndGlobalSection
	GlobalSection(ProjectConfigurationPlatforms) = postSolution
		{33B9955F-FF96-C40D-5D1A-8661BEDDFA5F}.Debug|Any CPU.ActiveCfg = Debug|Any CPU
		{33B9955F-FF96-C40D-5D1A-8661BEDDFA5F}.Debug|Any CPU.Build.0 = Debug|Any CPU
		{33B9955F-FF96-C40D-5D1A-8661BEDDFA5F}.Release|Any CPU.ActiveCfg = Release|Any CPU
		{33B9955F-FF96-C40D-5D1A-8661BEDDFA5F}.Release|Any CPU.Build.0 = Release|Any CPU
		{CF1B5737-A495-4A87-9150-F4F8A6F4C18D}.Debug|Any CPU.ActiveCfg = Debug|Any CPU
		{CF1B5737-A495-4A87-9150-F4F8A6F4C18D}.Debug|Any CPU.Build.0 = Debug|Any CPU
		{CF1B5737-A495-4A87-9150-F4F8A6F4C18D}.Release|Any CPU.ActiveCfg = Release|Any CPU
		{CF1B5737-A495-4A87-9150-F4F8A6F4C18D}.Release|Any CPU.Build.0 = Release|Any CPU
	EndGlobalSection
	GlobalSection(SolutionProperties) = preSolution
		HideSolutionNode = FALSE
	EndGlobalSection
	GlobalSection(ExtensibilityGlobals) = postSolution
		SolutionGuid = {14A93A42-2C79-43F8-A065-95CE4D649728}
	EndGlobalSection
EndGlobal
